
Microsoft Visual Studio Solution File, Format Version 12.00
# Visual Studio Version 17
VisualStudioVersion = 17.9.34616.47
MinimumVisualStudioVersion = 10.0.40219.1
Project("{FAE04EC0-301F-11D3-BF4B-00C04F79EFBC}") = "tpmodul5_1302220121", "tpmodul5_1302220121\tpmodul5_1302220121.csproj", "{5DB53F62-B3FE-4E80-BC95-98504A2D67D8}"
EndProject
Global
	GlobalSection(SolutionConfigurationPlatforms) = preSolution
		Debug|Any CPU = Debug|Any CPU
		Release|Any CPU = Release|Any CPU
	EndGlobalSection
	GlobalSection(ProjectConfigurationPlatforms) = postSolution
		{5DB53F62-B3FE-4E80-BC95-98504A2D67D8}.Debug|Any CPU.ActiveCfg = Debug|Any CPU
		{5DB53F62-B3FE-4E80-BC95-98504A2D67D8}.Debug|Any CPU.Build.0 = Debug|Any CPU
		{5DB53F62-B3FE-4E80-BC95-98504A2D67D8}.Release|Any CPU.ActiveCfg = Release|Any CPU
		{5DB53F62-B3FE-4E80-BC95-98504A2D67D8}.Release|Any CPU.Build.0 = Release|Any CPU
	EndGlobalSection
	GlobalSection(SolutionProperties) = preSolution
		HideSolutionNode = FALSE
	EndGlobalSection
	GlobalSection(ExtensibilityGlobals) = postSolution
		SolutionGuid = {05875841-18C6-4D67-8058-91297D11B62E}
	EndGlobalSection
EndGlobal
